
Microsoft Visual Studio Solution File, Format Version 12.00
# Visual Studio Version 16
VisualStudioVersion = 16.0.29609.76
MinimumVisualStudioVersion = 10.0.40219.1
Project("{FAE04EC0-301F-11D3-BF4B-00C04F79EFBC}") = "MyLibrary", "MyLibrary\MyLibrary.csproj", "{E931B52C-25E3-41AB-A63F-E22BA4021430}"
EndProject
Global
	GlobalSection(SolutionConfigurationPlatforms) = preSolution
		Debug|Any CPU = Debug|Any CPU
		Release|Any CPU = Release|Any CPU
	EndGlobalSection
	GlobalSection(ProjectConfigurationPlatforms) = postSolution
		{E931B52C-25E3-41AB-A63F-E22BA4021430}.Debug|Any CPU.ActiveCfg = Debug|Any CPU
		{E931B52C-25E3-41AB-A63F-E22BA4021430}.Debug|Any CPU.Build.0 = Debug|Any CPU
		{E931B52C-25E3-41AB-A63F-E22BA4021430}.Release|Any CPU.ActiveCfg = Release|Any CPU
		{E931B52C-25E3-41AB-A63F-E22BA4021430}.Release|Any CPU.Build.0 = Release|Any CPU
	EndGlobalSection
	GlobalSection(SolutionProperties) = preSolution
		HideSolutionNode = FALSE
	EndGlobalSection
	GlobalSection(ExtensibilityGlobals) = postSolution
		SolutionGuid = {1BF28F87-ABA8-43C6-8552-CEF7A2E8C907}
	EndGlobalSection
EndGlobal
